
Microsoft Visual Studio Solution File, Format Version 12.00
# Visual Studio Version 16
VisualStudioVersion = 16.0.31025.194
MinimumVisualStudioVersion = 10.0.40219.1
Project("{FAE04EC0-301F-11D3-BF4B-00C04F79EFBC}") = "CalculatorGHv2", "CalculatorGHv2.csproj", "{909033CA-662A-41A7-9959-25658B2D0919}"
EndProject
Global
	GlobalSection(SolutionConfigurationPlatforms) = preSolution
		Debug|Any CPU = Debug|Any CPU
		Release|Any CPU = Release|Any CPU
	EndGlobalSection
	GlobalSection(ProjectConfigurationPlatforms) = postSolution
		{909033CA-662A-41A7-9959-25658B2D0919}.Debug|Any CPU.ActiveCfg = Debug|Any CPU
		{909033CA-662A-41A7-9959-25658B2D0919}.Debug|Any CPU.Build.0 = Debug|Any CPU
		{909033CA-662A-41A7-9959-25658B2D0919}.Release|Any CPU.ActiveCfg = Release|Any CPU
		{909033CA-662A-41A7-9959-25658B2D0919}.Release|Any CPU.Build.0 = Release|Any CPU
	EndGlobalSection
	GlobalSection(SolutionProperties) = preSolution
		HideSolutionNode = FALSE
	EndGlobalSection
	GlobalSection(ExtensibilityGlobals) = postSolution
		SolutionGuid = {7B8C5064-E84A-4219-AE7E-2B42D89D650B}
	EndGlobalSection
EndGlobal
